
Microsoft Visual Studio Solution File, Format Version 12.00
# Visual Studio Version 17
VisualStudioVersion = 17.4.33110.190
MinimumVisualStudioVersion = 10.0.40219.1
Project("{9A19103D-16F7-4668-BE54-9A1E7A4F7556}") = "ZScript - Base types functions", "BaseTypesFunctions\BaseTypesFunctions.csproj", "{6CEE808D-53A2-43C5-8FB8-DAE3BE8329A7}"
EndProject
Global
	GlobalSection(SolutionConfigurationPlatforms) = preSolution
		Debug|Any CPU = Debug|Any CPU
		Release|Any CPU = Release|Any CPU
	EndGlobalSection
	GlobalSection(ProjectConfigurationPlatforms) = postSolution
		{6CEE808D-53A2-43C5-8FB8-DAE3BE8329A7}.Debug|Any CPU.ActiveCfg = Debug|Any CPU
		{6CEE808D-53A2-43C5-8FB8-DAE3BE8329A7}.Debug|Any CPU.Build.0 = Debug|Any CPU
		{6CEE808D-53A2-43C5-8FB8-DAE3BE8329A7}.Release|Any CPU.ActiveCfg = Release|Any CPU
		{6CEE808D-53A2-43C5-8FB8-DAE3BE8329A7}.Release|Any CPU.Build.0 = Release|Any CPU
	EndGlobalSection
	GlobalSection(SolutionProperties) = preSolution
		HideSolutionNode = FALSE
	EndGlobalSection
	GlobalSection(ExtensibilityGlobals) = postSolution
		SolutionGuid = {57394A7D-9C64-4425-81C1-BB74EE8565EB}
	EndGlobalSection
EndGlobal
